
Microsoft Visual Studio Solution File, Format Version 12.00
# Visual Studio Version 17
VisualStudioVersion = 17.4.33110.190
MinimumVisualStudioVersion = 10.0.40219.1
Project("{FAE04EC0-301F-11D3-BF4B-00C04F79EFBC}") = "Okul", "Okul\Okul.csproj", "{DDF96B2D-73C5-4769-BA6A-BEE237E4F7AA}"
EndProject
Global
	GlobalSection(SolutionConfigurationPlatforms) = preSolution
		Debug|Any CPU = Debug|Any CPU
		Release|Any CPU = Release|Any CPU
	EndGlobalSection
	GlobalSection(ProjectConfigurationPlatforms) = postSolution
		{DDF96B2D-73C5-4769-BA6A-BEE237E4F7AA}.Debug|Any CPU.ActiveCfg = Debug|Any CPU
		{DDF96B2D-73C5-4769-BA6A-BEE237E4F7AA}.Debug|Any CPU.Build.0 = Debug|Any CPU
		{DDF96B2D-73C5-4769-BA6A-BEE237E4F7AA}.Release|Any CPU.ActiveCfg = Release|Any CPU
		{DDF96B2D-73C5-4769-BA6A-BEE237E4F7AA}.Release|Any CPU.Build.0 = Release|Any CPU
	EndGlobalSection
	GlobalSection(SolutionProperties) = preSolution
		HideSolutionNode = FALSE
	EndGlobalSection
	GlobalSection(ExtensibilityGlobals) = postSolution
		SolutionGuid = {5C2C8354-DD07-4EB1-8067-AFCA28F680D8}
	EndGlobalSection
EndGlobal
